
Microsoft Visual Studio Solution File, Format Version 12.00
# Visual Studio Version 17
VisualStudioVersion = 17.5.33530.505
MinimumVisualStudioVersion = 10.0.40219.1
Project("{9A19103F-16F7-4668-BE54-9A1E7A4F7556}") = "MagicVilla_VillaAPI", "MagicVilla_VillaAPI\MagicVilla_VillaAPI.csproj", "{4E3B0FC0-9301-469E-9F07-C43EB91A662D}"
EndProject
Project("{9A19103F-16F7-4668-BE54-9A1E7A4F7556}") = "MagicVilla_Web", "MagicVilla_Web\MagicVilla_Web.csproj", "{33FD9287-4E6A-46DD-8773-0660644548D6}"
EndProject
Project("{FAE04EC0-301F-11D3-BF4B-00C04F79EFBC}") = "MagicVilla_Utility", "MagicVilla_Utility\MagicVilla_Utility.csproj", "{371638EC-54E8-41EE-8222-20602684EC1F}"
EndProject
Global
	GlobalSection(SolutionConfigurationPlatforms) = preSolution
		Debug|Any CPU = Debug|Any CPU
		Release|Any CPU = Release|Any CPU
	EndGlobalSection
	GlobalSection(ProjectConfigurationPlatforms) = postSolution
		{4E3B0FC0-9301-469E-9F07-C43EB91A662D}.Debug|Any CPU.ActiveCfg = Debug|Any CPU
		{4E3B0FC0-9301-469E-9F07-C43EB91A662D}.Debug|Any CPU.Build.0 = Debug|Any CPU
		{4E3B0FC0-9301-469E-9F07-C43EB91A662D}.Release|Any CPU.ActiveCfg = Release|Any CPU
		{4E3B0FC0-9301-469E-9F07-C43EB91A662D}.Release|Any CPU.Build.0 = Release|Any CPU
		{33FD9287-4E6A-46DD-8773-0660644548D6}.Debug|Any CPU.ActiveCfg = Debug|Any CPU
		{33FD9287-4E6A-46DD-8773-0660644548D6}.Debug|Any CPU.Build.0 = Debug|Any CPU
		{33FD9287-4E6A-46DD-8773-0660644548D6}.Release|Any CPU.ActiveCfg = Release|Any CPU
		{33FD9287-4E6A-46DD-8773-0660644548D6}.Release|Any CPU.Build.0 = Release|Any CPU
		{371638EC-54E8-41EE-8222-20602684EC1F}.Debug|Any CPU.ActiveCfg = Debug|Any CPU
		{371638EC-54E8-41EE-8222-20602684EC1F}.Debug|Any CPU.Build.0 = Debug|Any CPU
		{371638EC-54E8-41EE-8222-20602684EC1F}.Release|Any CPU.ActiveCfg = Release|Any CPU
		{371638EC-54E8-41EE-8222-20602684EC1F}.Release|Any CPU.Build.0 = Release|Any CPU
	EndGlobalSection
	GlobalSection(SolutionProperties) = preSolution
		HideSolutionNode = FALSE
	EndGlobalSection
	GlobalSection(ExtensibilityGlobals) = postSolution
		SolutionGuid = {59CE0651-05CA-485D-8A36-EC6A7C1C1F98}
	EndGlobalSection
EndGlobal
